
Microsoft Visual Studio Solution File, Format Version 12.00
# Visual Studio 15
VisualStudioVersion = 15.0.28307.421
MinimumVisualStudioVersion = 10.0.40219.1
Project("{FAE04EC0-301F-11D3-BF4B-00C04F79EFBC}") = "PluginFramework", "PluginFramework\PluginFramework.csproj", "{1C18F1A6-E5F6-4CE6-B48C-A5BDB237C36A}"
EndProject
Project("{FAE04EC0-301F-11D3-BF4B-00C04F79EFBC}") = "ManagedPluginItemTest", "ManagedPluginItem\ManagedPluginItemTest.csproj", "{7B73D30D-F7CC-4A6D-8BE1-276987FF68ED}"
EndProject
Global
	GlobalSection(SolutionConfigurationPlatforms) = preSolution
		Debug|Any CPU = Debug|Any CPU
		Release|Any CPU = Release|Any CPU
	EndGlobalSection
	GlobalSection(ProjectConfigurationPlatforms) = postSolution
		{1C18F1A6-E5F6-4CE6-B48C-A5BDB237C36A}.Debug|Any CPU.ActiveCfg = Debug|Any CPU
		{1C18F1A6-E5F6-4CE6-B48C-A5BDB237C36A}.Debug|Any CPU.Build.0 = Debug|Any CPU
		{1C18F1A6-E5F6-4CE6-B48C-A5BDB237C36A}.Release|Any CPU.ActiveCfg = Release|Any CPU
		{1C18F1A6-E5F6-4CE6-B48C-A5BDB237C36A}.Release|Any CPU.Build.0 = Release|Any CPU
		{7B73D30D-F7CC-4A6D-8BE1-276987FF68ED}.Debug|Any CPU.ActiveCfg = Debug|Any CPU
		{7B73D30D-F7CC-4A6D-8BE1-276987FF68ED}.Debug|Any CPU.Build.0 = Debug|Any CPU
		{7B73D30D-F7CC-4A6D-8BE1-276987FF68ED}.Release|Any CPU.ActiveCfg = Release|Any CPU
		{7B73D30D-F7CC-4A6D-8BE1-276987FF68ED}.Release|Any CPU.Build.0 = Release|Any CPU
	EndGlobalSection
	GlobalSection(SolutionProperties) = preSolution
		HideSolutionNode = FALSE
	EndGlobalSection
	GlobalSection(ExtensibilityGlobals) = postSolution
		SolutionGuid = {4EC722DC-50D0-4095-BDAB-59591950A7CC}
	EndGlobalSection
EndGlobal
